
Microsoft Visual Studio Solution File, Format Version 12.00
# Visual Studio 15
Project("{FAE04EC0-301F-11D3-BF4B-00C04F79EFBC}") = "UnityEngine.TestRunner", "UnityEngine.TestRunner.csproj", "{B4F698F1-169B-823B-F093-5F24E2A32993}"
EndProject
Project("{FAE04EC0-301F-11D3-BF4B-00C04F79EFBC}") = "Unity.VisualScripting.Flow", "Unity.VisualScripting.Flow.csproj", "{186782B6-BD86-179F-9EC9-CDB48F751DDD}"
EndProject
Project("{FAE04EC0-301F-11D3-BF4B-00C04F79EFBC}") = "Unity.Mathematics", "Unity.Mathematics.csproj", "{DBF92251-7017-7A34-78D5-3BA973F5E301}"
EndProject
Project("{FAE04EC0-301F-11D3-BF4B-00C04F79EFBC}") = "Unity.VisualScripting.State", "Unity.VisualScripting.State.csproj", "{4FC66C8C-6B84-B5E9-ADFC-417123B0DCB7}"
EndProject
Project("{FAE04EC0-301F-11D3-BF4B-00C04F79EFBC}") = "Unity.VisualScripting.Core", "Unity.VisualScripting.Core.csproj", "{AA8F0F71-7037-6A0A-E588-E76D51F3A679}"
EndProject
Project("{FAE04EC0-301F-11D3-BF4B-00C04F79EFBC}") = "Unity.Burst", "Unity.Burst.csproj", "{230B8E74-5B98-A9ED-316B-0BBBE136E8A7}"
EndProject
Project("{FAE04EC0-301F-11D3-BF4B-00C04F79EFBC}") = "Unity.2D.Animation.Runtime", "Unity.2D.Animation.Runtime.csproj", "{AE20BC47-8E7D-FAF1-682A-D73A73119AB5}"
EndProject
Project("{FAE04EC0-301F-11D3-BF4B-00C04F79EFBC}") = "Unity.TextMeshPro", "Unity.TextMeshPro.csproj", "{E86655DC-7A3C-6F71-57B4-FFE8B25AF332}"
EndProject
Project("{FAE04EC0-301F-11D3-BF4B-00C04F79EFBC}") = "Unity.2D.SpriteShape.Runtime", "Unity.2D.SpriteShape.Runtime.csproj", "{641084D6-1E06-6779-5DAB-16A550FF988C}"
EndProject
Project("{FAE04EC0-301F-11D3-BF4B-00C04F79EFBC}") = "Unity.2D.PixelPerfect", "Unity.2D.PixelPerfect.csproj", "{6A569B08-B69B-2B37-1A52-940BDE8EBD96}"
EndProject
Project("{FAE04EC0-301F-11D3-BF4B-00C04F79EFBC}") = "Unity.2D.Common.Runtime", "Unity.2D.Common.Runtime.csproj", "{76C16836-789D-CA7B-FEA3-7E022E92DFAD}"
EndProject
Project("{FAE04EC0-301F-11D3-BF4B-00C04F79EFBC}") = "Unity.2D.IK.Runtime", "Unity.2D.IK.Runtime.csproj", "{E6F19B3E-6252-F9BE-7C7B-1769FD007D41}"
EndProject
Project("{FAE04EC0-301F-11D3-BF4B-00C04F79EFBC}") = "Unity.2D.Tilemap.Extras", "Unity.2D.Tilemap.Extras.csproj", "{DAADB130-75B3-1253-F0DD-D2FAC1266910}"
EndProject
Project("{FAE04EC0-301F-11D3-BF4B-00C04F79EFBC}") = "Unity.InternalAPIEngineBridge.001", "Unity.InternalAPIEngineBridge.001.csproj", "{E215BC81-3505-6F30-1017-F66FE4D94E84}"
EndProject
Project("{FAE04EC0-301F-11D3-BF4B-00C04F79EFBC}") = "Assembly-CSharp", "Assembly-CSharp.csproj", "{CFCE86CD-22AD-DE66-38A4-5D17882843A4}"
EndProject
Project("{FAE04EC0-301F-11D3-BF4B-00C04F79EFBC}") = "Unity.VisualScripting.Core.Editor", "Unity.VisualScripting.Core.Editor.csproj", "{47EFE521-2C55-B73F-37A5-3A5EE58A95E0}"
EndProject
Project("{FAE04EC0-301F-11D3-BF4B-00C04F79EFBC}") = "Unity.VisualScripting.Flow.Editor", "Unity.VisualScripting.Flow.Editor.csproj", "{C0792302-1521-33AB-9F39-C56CF447885E}"
EndProject
Project("{FAE04EC0-301F-11D3-BF4B-00C04F79EFBC}") = "Unity.VisualStudio.Editor", "Unity.VisualStudio.Editor.csproj", "{E9E3B8CB-3254-0A77-70C0-B4D267066640}"
EndProject
Project("{FAE04EC0-301F-11D3-BF4B-00C04F79EFBC}") = "Unity.VisualScripting.State.Editor", "Unity.VisualScripting.State.Editor.csproj", "{F01B82CD-CA7F-046A-306E-9AB181B25611}"
EndProject
Project("{FAE04EC0-301F-11D3-BF4B-00C04F79EFBC}") = "Unity.TextMeshPro.Editor", "Unity.TextMeshPro.Editor.csproj", "{37E795FD-85C0-D5A2-5EA3-4DA915E92CE9}"
EndProject
Project("{FAE04EC0-301F-11D3-BF4B-00C04F79EFBC}") = "Unity.2D.Animation.Editor", "Unity.2D.Animation.Editor.csproj", "{98310917-01CA-D8E5-DA92-D95908CF1BCC}"
EndProject
Project("{FAE04EC0-301F-11D3-BF4B-00C04F79EFBC}") = "Unity.VisualScripting.SettingsProvider.Editor", "Unity.VisualScripting.SettingsProvider.Editor.csproj", "{C0B8C950-D409-308D-9D04-18DFB2B88775}"
EndProject
Project("{FAE04EC0-301F-11D3-BF4B-00C04F79EFBC}") = "UnityEditor.TestRunner", "UnityEditor.TestRunner.csproj", "{A023E8DE-26B0-D089-DCA5-550774AA7DDA}"
EndProject
Project("{FAE04EC0-301F-11D3-BF4B-00C04F79EFBC}") = "Unity.2D.Path.Editor", "Unity.2D.Path.Editor.csproj", "{2975E72C-1B08-0973-7429-27D315C97B60}"
EndProject
Project("{FAE04EC0-301F-11D3-BF4B-00C04F79EFBC}") = "PsdPlugin", "PsdPlugin.csproj", "{F1063FDD-8289-6EFE-2982-7CFD1B2761C5}"
EndProject
Project("{FAE04EC0-301F-11D3-BF4B-00C04F79EFBC}") = "Unity.2D.IK.Editor", "Unity.2D.IK.Editor.csproj", "{80D8EA19-17C7-1D68-7E1B-A57A93971B8D}"
EndProject
Project("{FAE04EC0-301F-11D3-BF4B-00C04F79EFBC}") = "Unity.2D.Psdimporter.Editor", "Unity.2D.Psdimporter.Editor.csproj", "{79CCB7E7-BC8D-1E2F-254C-DC8834CE22A1}"
EndProject
Project("{FAE04EC0-301F-11D3-BF4B-00C04F79EFBC}") = "Unity.2D.SpriteShape.Editor", "Unity.2D.SpriteShape.Editor.csproj", "{53C35C78-967C-ADE5-429C-F346F6A5EBD8}"
EndProject
Project("{FAE04EC0-301F-11D3-BF4B-00C04F79EFBC}") = "Unity.Burst.CodeGen", "Unity.Burst.CodeGen.csproj", "{E74967D7-2019-6ABF-C7B8-AE6605859FD0}"
EndProject
Project("{FAE04EC0-301F-11D3-BF4B-00C04F79EFBC}") = "Unity.2D.PixelPerfect.Editor", "Unity.2D.PixelPerfect.Editor.csproj", "{0494D22A-C38A-217E-87F7-C3827301C3CB}"
EndProject
Project("{FAE04EC0-301F-11D3-BF4B-00C04F79EFBC}") = "Unity.2D.Common.Editor", "Unity.2D.Common.Editor.csproj", "{EE77C6BC-5508-5F95-7EC4-473F40CD7790}"
EndProject
Project("{FAE04EC0-301F-11D3-BF4B-00C04F79EFBC}") = "Unity.Mathematics.Editor", "Unity.Mathematics.Editor.csproj", "{B2263506-7CB1-49AC-D402-11D1373E88B6}"
EndProject
Project("{FAE04EC0-301F-11D3-BF4B-00C04F79EFBC}") = "Unity.2D.Tilemap.Extras.Editor", "Unity.2D.Tilemap.Extras.Editor.csproj", "{C154105D-C761-C6E7-0EAF-E1FD0A5F038E}"
EndProject
Project("{FAE04EC0-301F-11D3-BF4B-00C04F79EFBC}") = "Unity.Burst.Editor", "Unity.Burst.Editor.csproj", "{7FC72190-D2EF-15AF-4742-7D18590365F3}"
EndProject
Project("{FAE04EC0-301F-11D3-BF4B-00C04F79EFBC}") = "Unity.InternalAPIEditorBridge.001", "Unity.InternalAPIEditorBridge.001.csproj", "{156111B4-83F9-27D0-5E74-C23835228DDF}"
EndProject
Project("{FAE04EC0-301F-11D3-BF4B-00C04F79EFBC}") = "Unity.VisualScripting.Shared.Editor", "Unity.VisualScripting.Shared.Editor.csproj", "{F90CF55B-C596-0D43-311F-EC31C141D1EF}"
EndProject
Global
	GlobalSection(SolutionConfigurationPlatforms) = preSolution
		Debug|Any CPU = Debug|Any CPU
		Release|Any CPU = Release|Any CPU
	EndGlobalSection
	GlobalSection(ProjectConfigurationPlatforms) = postSolution
		{B4F698F1-169B-823B-F093-5F24E2A32993}.Debug|Any CPU.ActiveCfg = Debug|Any CPU
		{B4F698F1-169B-823B-F093-5F24E2A32993}.Debug|Any CPU.Build.0 = Debug|Any CPU
		{B4F698F1-169B-823B-F093-5F24E2A32993}.Release|Any CPU.ActiveCfg = Release|Any CPU
		{B4F698F1-169B-823B-F093-5F24E2A32993}.Release|Any CPU.Build.0 = Release|Any CPU
		{186782B6-BD86-179F-9EC9-CDB48F751DDD}.Debug|Any CPU.ActiveCfg = Debug|Any CPU
		{186782B6-BD86-179F-9EC9-CDB48F751DDD}.Debug|Any CPU.Build.0 = Debug|Any CPU
		{186782B6-BD86-179F-9EC9-CDB48F751DDD}.Release|Any CPU.ActiveCfg = Release|Any CPU
		{186782B6-BD86-179F-9EC9-CDB48F751DDD}.Release|Any CPU.Build.0 = Release|Any CPU
		{DBF92251-7017-7A34-78D5-3BA973F5E301}.Debug|Any CPU.ActiveCfg = Debug|Any CPU
		{DBF92251-7017-7A34-78D5-3BA973F5E301}.Debug|Any CPU.Build.0 = Debug|Any CPU
		{DBF92251-7017-7A34-78D5-3BA973F5E301}.Release|Any CPU.ActiveCfg = Release|Any CPU
		{DBF92251-7017-7A34-78D5-3BA973F5E301}.Release|Any CPU.Build.0 = Release|Any CPU
		{4FC66C8C-6B84-B5E9-ADFC-417123B0DCB7}.Debug|Any CPU.ActiveCfg = Debug|Any CPU
		{4FC66C8C-6B84-B5E9-ADFC-417123B0DCB7}.Debug|Any CPU.Build.0 = Debug|Any CPU
		{4FC66C8C-6B84-B5E9-ADFC-417123B0DCB7}.Release|Any CPU.ActiveCfg = Release|Any CPU
		{4FC66C8C-6B84-B5E9-ADFC-417123B0DCB7}.Release|Any CPU.Build.0 = Release|Any CPU
		{AA8F0F71-7037-6A0A-E588-E76D51F3A679}.Debug|Any CPU.ActiveCfg = Debug|Any CPU
		{AA8F0F71-7037-6A0A-E588-E76D51F3A679}.Debug|Any CPU.Build.0 = Debug|Any CPU
		{AA8F0F71-7037-6A0A-E588-E76D51F3A679}.Release|Any CPU.ActiveCfg = Release|Any CPU
		{AA8F0F71-7037-6A0A-E588-E76D51F3A679}.Release|Any CPU.Build.0 = Release|Any CPU
		{230B8E74-5B98-A9ED-316B-0BBBE136E8A7}.Debug|Any CPU.ActiveCfg = Debug|Any CPU
		{230B8E74-5B98-A9ED-316B-0BBBE136E8A7}.Debug|Any CPU.Build.0 = Debug|Any CPU
		{230B8E74-5B98-A9ED-316B-0BBBE136E8A7}.Release|Any CPU.ActiveCfg = Release|Any CPU
		{230B8E74-5B98-A9ED-316B-0BBBE136E8A7}.Release|Any CPU.Build.0 = Release|Any CPU
		{AE20BC47-8E7D-FAF1-682A-D73A73119AB5}.Debug|Any CPU.ActiveCfg = Debug|Any CPU
		{AE20BC47-8E7D-FAF1-682A-D73A73119AB5}.Debug|Any CPU.Build.0 = Debug|Any CPU
		{AE20BC47-8E7D-FAF1-682A-D73A73119AB5}.Release|Any CPU.ActiveCfg = Release|Any CPU
		{AE20BC47-8E7D-FAF1-682A-D73A73119AB5}.Release|Any CPU.Build.0 = Release|Any CPU
		{E86655DC-7A3C-6F71-57B4-FFE8B25AF332}.Debug|Any CPU.ActiveCfg = Debug|Any CPU
		{E86655DC-7A3C-6F71-57B4-FFE8B25AF332}.Debug|Any CPU.Build.0 = Debug|Any CPU
		{E86655DC-7A3C-6F71-57B4-FFE8B25AF332}.Release|Any CPU.ActiveCfg = Release|Any CPU
		{E86655DC-7A3C-6F71-57B4-FFE8B25AF332}.Release|Any CPU.Build.0 = Release|Any CPU
		{641084D6-1E06-6779-5DAB-16A550FF988C}.Debug|Any CPU.ActiveCfg = Debug|Any CPU
		{641084D6-1E06-6779-5DAB-16A550FF988C}.Debug|Any CPU.Build.0 = Debug|Any CPU
		{641084D6-1E06-6779-5DAB-16A550FF988C}.Release|Any CPU.ActiveCfg = Release|Any CPU
		{641084D6-1E06-6779-5DAB-16A550FF988C}.Release|Any CPU.Build.0 = Release|Any CPU
		{6A569B08-B69B-2B37-1A52-940BDE8EBD96}.Debug|Any CPU.ActiveCfg = Debug|Any CPU
		{6A569B08-B69B-2B37-1A52-940BDE8EBD96}.Debug|Any CPU.Build.0 = Debug|Any CPU
		{6A569B08-B69B-2B37-1A52-940BDE8EBD96}.Release|Any CPU.ActiveCfg = Release|Any CPU
		{6A569B08-B69B-2B37-1A52-940BDE8EBD96}.Release|Any CPU.Build.0 = Release|Any CPU
		{76C16836-789D-CA7B-FEA3-7E022E92DFAD}.Debug|Any CPU.ActiveCfg = Debug|Any CPU
		{76C16836-789D-CA7B-FEA3-7E022E92DFAD}.Debug|Any CPU.Build.0 = Debug|Any CPU
		{76C16836-789D-CA7B-FEA3-7E022E92DFAD}.Release|Any CPU.ActiveCfg = Release|Any CPU
		{76C16836-789D-CA7B-FEA3-7E022E92DFAD}.Release|Any CPU.Build.0 = Release|Any CPU
		{E6F19B3E-6252-F9BE-7C7B-1769FD007D41}.Debug|Any CPU.ActiveCfg = Debug|Any CPU
		{E6F19B3E-6252-F9BE-7C7B-1769FD007D41}.Debug|Any CPU.Build.0 = Debug|Any CPU
		{E6F19B3E-6252-F9BE-7C7B-1769FD007D41}.Release|Any CPU.ActiveCfg = Release|Any CPU
		{E6F19B3E-6252-F9BE-7C7B-1769FD007D41}.Release|Any CPU.Build.0 = Release|Any CPU
		{DAADB130-75B3-1253-F0DD-D2FAC1266910}.Debug|Any CPU.ActiveCfg = Debug|Any CPU
		{DAADB130-75B3-1253-F0DD-D2FAC1266910}.Debug|Any CPU.Build.0 = Debug|Any CPU
		{DAADB130-75B3-1253-F0DD-D2FAC1266910}.Release|Any CPU.ActiveCfg = Release|Any CPU
		{DAADB130-75B3-1253-F0DD-D2FAC1266910}.Release|Any CPU.Build.0 = Release|Any CPU
		{E215BC81-3505-6F30-1017-F66FE4D94E84}.Debug|Any CPU.ActiveCfg = Debug|Any CPU
		{E215BC81-3505-6F30-1017-F66FE4D94E84}.Debug|Any CPU.Build.0 = Debug|Any CPU
		{E215BC81-3505-6F30-1017-F66FE4D94E84}.Release|Any CPU.ActiveCfg = Release|Any CPU
		{E215BC81-3505-6F30-1017-F66FE4D94E84}.Release|Any CPU.Build.0 = Release|Any CPU
		{CFCE86CD-22AD-DE66-38A4-5D17882843A4}.Debug|Any CPU.ActiveCfg = Debug|Any CPU
		{CFCE86CD-22AD-DE66-38A4-5D17882843A4}.Debug|Any CPU.Build.0 = Debug|Any CPU
		{CFCE86CD-22AD-DE66-38A4-5D17882843A4}.Release|Any CPU.ActiveCfg = Release|Any CPU
		{CFCE86CD-22AD-DE66-38A4-5D17882843A4}.Release|Any CPU.Build.0 = Release|Any CPU
		{47EFE521-2C55-B73F-37A5-3A5EE58A95E0}.Debug|Any CPU.ActiveCfg = Debug|Any CPU
		{47EFE521-2C55-B73F-37A5-3A5EE58A95E0}.Debug|Any CPU.Build.0 = Debug|Any CPU
		{47EFE521-2C55-B73F-37A5-3A5EE58A95E0}.Release|Any CPU.ActiveCfg = Release|Any CPU
		{47EFE521-2C55-B73F-37A5-3A5EE58A95E0}.Release|Any CPU.Build.0 = Release|Any CPU
		{C0792302-1521-33AB-9F39-C56CF447885E}.Debug|Any CPU.ActiveCfg = Debug|Any CPU
		{C0792302-1521-33AB-9F39-C56CF447885E}.Debug|Any CPU.Build.0 = Debug|Any CPU
		{C0792302-1521-33AB-9F39-C56CF447885E}.Release|Any CPU.ActiveCfg = Release|Any CPU
		{C0792302-1521-33AB-9F39-C56CF447885E}.Release|Any CPU.Build.0 = Release|Any CPU
		{E9E3B8CB-3254-0A77-70C0-B4D267066640}.Debug|Any CPU.ActiveCfg = Debug|Any CPU
		{E9E3B8CB-3254-0A77-70C0-B4D267066640}.Debug|Any CPU.Build.0 = Debug|Any CPU
		{E9E3B8CB-3254-0A77-70C0-B4D267066640}.Release|Any CPU.ActiveCfg = Release|Any CPU
		{E9E3B8CB-3254-0A77-70C0-B4D267066640}.Release|Any CPU.Build.0 = Release|Any CPU
		{F01B82CD-CA7F-046A-306E-9AB181B25611}.Debug|Any CPU.ActiveCfg = Debug|Any CPU
		{F01B82CD-CA7F-046A-306E-9AB181B25611}.Debug|Any CPU.Build.0 = Debug|Any CPU
		{F01B82CD-CA7F-046A-306E-9AB181B25611}.Release|Any CPU.ActiveCfg = Release|Any CPU
		{F01B82CD-CA7F-046A-306E-9AB181B25611}.Release|Any CPU.Build.0 = Release|Any CPU
		{37E795FD-85C0-D5A2-5EA3-4DA915E92CE9}.Debug|Any CPU.ActiveCfg = Debug|Any CPU
		{37E795FD-85C0-D5A2-5EA3-4DA915E92CE9}.Debug|Any CPU.Build.0 = Debug|Any CPU
		{37E795FD-85C0-D5A2-5EA3-4DA915E92CE9}.Release|Any CPU.ActiveCfg = Release|Any CPU
		{37E795FD-85C0-D5A2-5EA3-4DA915E92CE9}.Release|Any CPU.Build.0 = Release|Any CPU
		{98310917-01CA-D8E5-DA92-D95908CF1BCC}.Debug|Any CPU.ActiveCfg = Debug|Any CPU
		{98310917-01CA-D8E5-DA92-D95908CF1BCC}.Debug|Any CPU.Build.0 = Debug|Any CPU
		{98310917-01CA-D8E5-DA92-D95908CF1BCC}.Release|Any CPU.ActiveCfg = Release|Any CPU
		{98310917-01CA-D8E5-DA92-D95908CF1BCC}.Release|Any CPU.Build.0 = Release|Any CPU
		{C0B8C950-D409-308D-9D04-18DFB2B88775}.Debug|Any CPU.ActiveCfg = Debug|Any CPU
		{C0B8C950-D409-308D-9D04-18DFB2B88775}.Debug|Any CPU.Build.0 = Debug|Any CPU
		{C0B8C950-D409-308D-9D04-18DFB2B88775}.Release|Any CPU.ActiveCfg = Release|Any CPU
		{C0B8C950-D409-308D-9D04-18DFB2B88775}.Release|Any CPU.Build.0 = Release|Any CPU
		{A023E8DE-26B0-D089-DCA5-550774AA7DDA}.Debug|Any CPU.ActiveCfg = Debug|Any CPU
		{A023E8DE-26B0-D089-DCA5-550774AA7DDA}.Debug|Any CPU.Build.0 = Debug|Any CPU
		{A023E8DE-26B0-D089-DCA5-550774AA7DDA}.Release|Any CPU.ActiveCfg = Release|Any CPU
		{A023E8DE-26B0-D089-DCA5-550774AA7DDA}.Release|Any CPU.Build.0 = Release|Any CPU
		{2975E72C-1B08-0973-7429-27D315C97B60}.Debug|Any CPU.ActiveCfg = Debug|Any CPU
		{2975E72C-1B08-0973-7429-27D315C97B60}.Debug|Any CPU.Build.0 = Debug|Any CPU
		{2975E72C-1B08-0973-7429-27D315C97B60}.Release|Any CPU.ActiveCfg = Release|Any CPU
		{2975E72C-1B08-0973-7429-27D315C97B60}.Release|Any CPU.Build.0 = Release|Any CPU
		{F1063FDD-8289-6EFE-2982-7CFD1B2761C5}.Debug|Any CPU.ActiveCfg = Debug|Any CPU
		{F1063FDD-8289-6EFE-2982-7CFD1B2761C5}.Debug|Any CPU.Build.0 = Debug|Any CPU
		{F1063FDD-8289-6EFE-2982-7CFD1B2761C5}.Release|Any CPU.ActiveCfg = Release|Any CPU
		{F1063FDD-8289-6EFE-2982-7CFD1B2761C5}.Release|Any CPU.Build.0 = Release|Any CPU
		{80D8EA19-17C7-1D68-7E1B-A57A93971B8D}.Debug|Any CPU.ActiveCfg = Debug|Any CPU
		{80D8EA19-17C7-1D68-7E1B-A57A93971B8D}.Debug|Any CPU.Build.0 = Debug|Any CPU
		{80D8EA19-17C7-1D68-7E1B-A57A93971B8D}.Release|Any CPU.ActiveCfg = Release|Any CPU
		{80D8EA19-17C7-1D68-7E1B-A57A93971B8D}.Release|Any CPU.Build.0 = Release|Any CPU
		{79CCB7E7-BC8D-1E2F-254C-DC8834CE22A1}.Debug|Any CPU.ActiveCfg = Debug|Any CPU
		{79CCB7E7-BC8D-1E2F-254C-DC8834CE22A1}.Debug|Any CPU.Build.0 = Debug|Any CPU
		{79CCB7E7-BC8D-1E2F-254C-DC8834CE22A1}.Release|Any CPU.ActiveCfg = Release|Any CPU
		{79CCB7E7-BC8D-1E2F-254C-DC8834CE22A1}.Release|Any CPU.Build.0 = Release|Any CPU
		{53C35C78-967C-ADE5-429C-F346F6A5EBD8}.Debug|Any CPU.ActiveCfg = Debug|Any CPU
		{53C35C78-967C-ADE5-429C-F346F6A5EBD8}.Debug|Any CPU.Build.0 = Debug|Any CPU
		{53C35C78-967C-ADE5-429C-F346F6A5EBD8}.Release|Any CPU.ActiveCfg = Release|Any CPU
		{53C35C78-967C-ADE5-429C-F346F6A5EBD8}.Release|Any CPU.Build.0 = Release|Any CPU
		{E74967D7-2019-6ABF-C7B8-AE6605859FD0}.Debug|Any CPU.ActiveCfg = Debug|Any CPU
		{E74967D7-2019-6ABF-C7B8-AE6605859FD0}.Debug|Any CPU.Build.0 = Debug|Any CPU
		{E74967D7-2019-6ABF-C7B8-AE6605859FD0}.Release|Any CPU.ActiveCfg = Release|Any CPU
		{E74967D7-2019-6ABF-C7B8-AE6605859FD0}.Release|Any CPU.Build.0 = Release|Any CPU
		{0494D22A-C38A-217E-87F7-C3827301C3CB}.Debug|Any CPU.ActiveCfg = Debug|Any CPU
		{0494D22A-C38A-217E-87F7-C3827301C3CB}.Debug|Any CPU.Build.0 = Debug|Any CPU
		{0494D22A-C38A-217E-87F7-C3827301C3CB}.Release|Any CPU.ActiveCfg = Release|Any CPU
		{0494D22A-C38A-217E-87F7-C3827301C3CB}.Release|Any CPU.Build.0 = Release|Any CPU
		{EE77C6BC-5508-5F95-7EC4-473F40CD7790}.Debug|Any CPU.ActiveCfg = Debug|Any CPU
		{EE77C6BC-5508-5F95-7EC4-473F40CD7790}.Debug|Any CPU.Build.0 = Debug|Any CPU
		{EE77C6BC-5508-5F95-7EC4-473F40CD7790}.Release|Any CPU.ActiveCfg = Release|Any CPU
		{EE77C6BC-5508-5F95-7EC4-473F40CD7790}.Release|Any CPU.Build.0 = Release|Any CPU
		{B2263506-7CB1-49AC-D402-11D1373E88B6}.Debug|Any CPU.ActiveCfg = Debug|Any CPU
		{B2263506-7CB1-49AC-D402-11D1373E88B6}.Debug|Any CPU.Build.0 = Debug|Any CPU
		{B2263506-7CB1-49AC-D402-11D1373E88B6}.Release|Any CPU.ActiveCfg = Release|Any CPU
		{B2263506-7CB1-49AC-D402-11D1373E88B6}.Release|Any CPU.Build.0 = Release|Any CPU
		{C154105D-C761-C6E7-0EAF-E1FD0A5F038E}.Debug|Any CPU.ActiveCfg = Debug|Any CPU
		{C154105D-C761-C6E7-0EAF-E1FD0A5F038E}.Debug|Any CPU.Build.0 = Debug|Any CPU
		{C154105D-C761-C6E7-0EAF-E1FD0A5F038E}.Release|Any CPU.ActiveCfg = Release|Any CPU
		{C154105D-C761-C6E7-0EAF-E1FD0A5F038E}.Release|Any CPU.Build.0 = Release|Any CPU
		{7FC72190-D2EF-15AF-4742-7D18590365F3}.Debug|Any CPU.ActiveCfg = Debug|Any CPU
		{7FC72190-D2EF-15AF-4742-7D18590365F3}.Debug|Any CPU.Build.0 = Debug|Any CPU
		{7FC72190-D2EF-15AF-4742-7D18590365F3}.Release|Any CPU.ActiveCfg = Release|Any CPU
		{7FC72190-D2EF-15AF-4742-7D18590365F3}.Release|Any CPU.Build.0 = Release|Any CPU
		{156111B4-83F9-27D0-5E74-C23835228DDF}.Debug|Any CPU.ActiveCfg = Debug|Any CPU
		{156111B4-83F9-27D0-5E74-C23835228DDF}.Debug|Any CPU.Build.0 = Debug|Any CPU
		{156111B4-83F9-27D0-5E74-C23835228DDF}.Release|Any CPU.ActiveCfg = Release|Any CPU
		{156111B4-83F9-27D0-5E74-C23835228DDF}.Release|Any CPU.Build.0 = Release|Any CPU
		{F90CF55B-C596-0D43-311F-EC31C141D1EF}.Debug|Any CPU.ActiveCfg = Debug|Any CPU
		{F90CF55B-C596-0D43-311F-EC31C141D1EF}.Debug|Any CPU.Build.0 = Debug|Any CPU
		{F90CF55B-C596-0D43-311F-EC31C141D1EF}.Release|Any CPU.ActiveCfg = Release|Any CPU
		{F90CF55B-C596-0D43-311F-EC31C141D1EF}.Release|Any CPU.Build.0 = Release|Any CPU
	EndGlobalSection
	GlobalSection(SolutionProperties) = preSolution
		HideSolutionNode = FALSE
	EndGlobalSection
EndGlobal
